// !$*UTF8*$!
{
	archiveVersion = 1;
	classes = {
	};
	objectVersion = 46;
	objects = {

/* Begin PBXBuildFile section */
		98C9DCAD1B78D53900FBC005 /* main.m in Sources */ = {isa = PBXBuildFile; fileRef = 98C9DCAC1B78D53900FBC005 /* main.m */; };
		98C9DCB01B78D53900FBC005 /* AppDelegate.m in Sources */ = {isa = PBXBuildFile; fileRef = 98C9DCAF1B78D53900FBC005 /* AppDelegate.m */; };
		98C9DCB31B78D53900FBC005 /* ViewController.m in Sources */ = {isa = PBXBuildFile; fileRef = 98C9DCB21B78D53900FBC005 /* ViewController.m */; };
		98C9DCB61B78D53900FBC005 /* Main.storyboard in Resources */ = {isa = PBXBuildFile; fileRef = 98C9DCB41B78D53900FBC005 /* Main.storyboard */; };
		98C9DCB81B78D53900FBC005 /* Images.xcassets in Resources */ = {isa = PBXBuildFile; fileRef = 98C9DCB71B78D53900FBC005 /* Images.xcassets */; };
		98C9DCBB1B78D53900FBC005 /* LaunchScreen.xib in Resources */ = {isa = PBXBuildFile; fileRef = 98C9DCB91B78D53900FBC005 /* LaunchScreen.xib */; };
		98C9DCC71B78D53900FBC005 /* pickerViewTests.m in Sources */ = {isa = PBXBuildFile; fileRef = 98C9DCC61B78D53900FBC005 /* pickerViewTests.m */; };
/* End PBXBuildFile section */

/* Begin PBXContainerItemProxy section */
		98C9DCC11B78D53900FBC005 /* PBXContainerItemProxy */ = {
			isa = PBXContainerItemProxy;
			containerPortal = 98C9DC9F1B78D53900FBC005 /* Project object */;
			proxyType = 1;
			remoteGlobalIDString = 98C9DCA61B78D53900FBC005;
			remoteInfo = pickerView;
		};
/* End PBXContainerItemProxy section */

/* Begin PBXFileReference section */
		98C9DCA71B78D53900FBC005 /* pickerView.app */ = {isa = PBXFileReference; explicitFileType = wrapper.application; includeInIndex = 0; path = pickerView.app; sourceTree = BUILT_PRODUCTS_DIR; };
		98C9DCAB1B78D53900FBC005 /* Info.plist */ = {isa = PBXFileReference; lastKnownFileType = text.plist.xml; path = Info.plist; sourceTree = "<group>"; };
		98C9DCAC1B78D53900FBC005 /* main.m */ = {isa = PBXFileReference; lastKnownFileType = sourcecode.c.objc; path = main.m; sourceTree = "<group>"; };
		98C9DCAE1B78D53900FBC005 /* AppDelegate.h */ = {isa = PBXFileReference; lastKnownFileType = sourcecode.c.h; path = AppDelegate.h; sourceTree = "<group>"; };
		98C9DCAF1B78D53900FBC005 /* AppDelegate.m */ = {isa = PBXFileReference; lastKnownFileType = sourcecode.c.objc; path = AppDelegate.m; sourceTree = "<group>"; };
		98C9DCB11B78D53900FBC005 /* ViewController.h */ = {isa = PBXFileReference; lastKnownFileType = sourcecode.c.h; path = ViewController.h; sourceTree = "<group>"; };
		98C9DCB21B78D53900FBC005 /* ViewController.m */ = {isa = PBXFileReference; lastKnownFileType = sourcecode.c.objc; path = ViewController.m; sourceTree = "<group>"; };
		98C9DCB51B78D53900FBC005 /* Base */ = {isa = PBXFileReference; lastKnownFileType = file.storyboard; name = Base; path = Base.lproj/Main.storyboard; sourceTree = "<group>"; };
		98C9DCB71B78D53900FBC005 /* Images.xcassets */ = {isa = PBXFileReference; lastKnownFileType = folder.assetcatalog; path = Images.xcassets; sourceTree = "<group>"; };
		98C9DCBA1B78D53900FBC005 /* Base */ = {isa = PBXFileReference; lastKnownFileType = file.xib; name = Base; path = Base.lproj/LaunchScreen.xib; sourceTree = "<group>"; };
		98C9DCC01B78D53900FBC005 /* pickerViewTests.xctest */ = {isa = PBXFileReference; explicitFileType = wrapper.cfbundle; includeInIndex = 0; path = pickerViewTests.xctest; sourceTree = BUILT_PRODUCTS_DIR; };
		98C9DCC51B78D53900FBC005 /* Info.plist */ = {isa = PBXFileReference; lastKnownFileType = text.plist.xml; path = Info.plist; sourceTree = "<group>"; };
		98C9DCC61B78D53900FBC005 /* pickerViewTests.m */ = {isa = PBXFileReference; lastKnownFileType = sourcecode.c.objc; path = pickerViewTests.m; sourceTree = "<group>"; };
/* End PBXFileReference section */

/* Begin PBXFrameworksBuildPhase section */
		98C9DCA41B78D53900FBC005 /* Frameworks */ = {
			isa = PBXFrameworksBuildPhase;
			buildActionMask = 2147483647;
			files = (
			);
			runOnlyForDeploymentPostprocessing = 0;
		};
		98C9DCBD1B78D53900FBC005 /* Frameworks */ = {
			isa = PBXFrameworksBuildPhase;
			buildActionMask = 2147483647;
			files = (
			);
			runOnlyForDeploymentPostprocessing = 0;
		};
/* End PBXFrameworksBuildPhase section */

/* Begin PBXGroup section */
		98C9DC9E1B78D53900FBC005 = {
			isa = PBXGroup;
			children = (
				98C9DCA91B78D53900FBC005 /* pickerView */,
				98C9DCC31B78D53900FBC005 /* pickerViewTests */,
				98C9DCA81B78D53900FBC005 /* Products */,
			);
			sourceTree = "<group>";
		};
		98C9DCA81B78D53900FBC005 /* Products */ = {
			isa = PBXGroup;
			children = (
				98C9DCA71B78D53900FBC005 /* pickerView.app */,
				98C9DCC01B78D53900FBC005 /* pickerViewTests.xctest */,
			);
			name = Products;
			sourceTree = "<group>";
		};
		98C9DCA91B78D53900FBC005 /* pickerView */ = {
			isa = PBXGroup;
			children = (
				98C9DCAE1B78D53900FBC005 /* AppDelegate.h */,
				98C9DCAF1B78D53900FBC005 /* AppDelegate.m */,
				98C9DCB11B78D53900FBC005 /* ViewController.h */,
				98C9DCB21B78D53900FBC005 /* ViewController.m */,
				98C9DCB41B78D53900FBC005 /* Main.storyboard */,
				98C9DCB71B78D53900FBC005 /* Images.xcassets */,
				98C9DCB91B78D53900FBC005 /* LaunchScreen.xib */,
				98C9DCAA1B78D53900FBC005 /* Supporting Files */,
			);
			path = pickerView;
			sourceTree = "<group>";
		};
		98C9DCAA1B78D53900FBC005 /* Supporting Files */ = {
			isa = PBXGroup;
			children = (
				98C9DCAB1B78D53900FBC005 /* Info.plist */,
				98C9DCAC1B78D53900FBC005 /* main.m */,
			);
			name = "Supporting Files";
			sourceTree = "<group>";
		};
		98C9DCC31B78D53900FBC005 /* pickerViewTests */ = {
			isa = PBXGroup;
			children = (
				98C9DCC61B78D53900FBC005 /* pickerViewTests.m */,
				98C9DCC41B78D53900FBC005 /* Supporting Files */,
			);
			path = pickerViewTests;
			sourceTree = "<group>";
		};
		98C9DCC41B78D53900FBC005 /* Supporting Files */ = {
			isa = PBXGroup;
			children = (
				98C9DCC51B78D53900FBC005 /* Info.plist */,
			);
			name = "Supporting Files";
			sourceTree = "<group>";
		};
/* End PBXGroup section */

/* Begin PBXNativeTarget section */
		98C9DCA61B78D53900FBC005 /* pickerView */ = {
			isa = PBXNativeTarget;
			buildConfigurationList = 98C9DCCA1B78D53900FBC005 /* Build configuration list for PBXNativeTarget "pickerView" */;
			buildPhases = (
				98C9DCA31B78D53900FBC005 /* Sources */,
				98C9DCA41B78D53900FBC005 /* Frameworks */,
				98C9DCA51B78D53900FBC005 /* Resources */,
			);
			buildRules = (
			);
			dependencies = (
			);
			name = pickerView;
			productName = pickerView;
			productReference = 98C9DCA71B78D53900FBC005 /* pickerView.app */;
			productType = "com.apple.product-type.application";
		};
		98C9DCBF1B78D53900FBC005 /* pickerViewTests */ = {
			isa = PBXNativeTarget;
			buildConfigurationList = 98C9DCCD1B78D53900FBC005 /* Build configuration list for PBXNativeTarget "pickerViewTests" */;
			buildPhases = (
				98C9DCBC1B78D53900FBC005 /* Sources */,
				98C9DCBD1B78D53900FBC005 /* Frameworks */,
				98C9DCBE1B78D53900FBC005 /* Resources */,
			);
			buildRules = (
			);
			dependencies = (
				98C9DCC21B78D53900FBC005 /* PBXTargetDependency */,
			);
			name = pickerViewTests;
			productName = pickerViewTests;
			productReference = 98C9DCC01B78D53900FBC005 /* pickerViewTests.xctest */;
			productType = "com.apple.product-type.bundle.unit-test";
		};
/* End PBXNativeTarget section */

/* Begin PBXProject section */
		98C9DC9F1B78D53900FBC005 /* Project object */ = {
			isa = PBXProject;
			attributes = {
				LastUpgradeCheck = 0640;
				ORGANIZATIONNAME = six;
				TargetAttributes = {
					98C9DCA61B78D53900FBC005 = {
						CreatedOnToolsVersion = 6.4;
					};
					98C9DCBF1B78D53900FBC005 = {
						CreatedOnToolsVersion = 6.4;
						TestTargetID = 98C9DCA61B78D53900FBC005;
					};
				};
			};
			buildConfigurationList = 98C9DCA21B78D53900FBC005 /* Build configuration list for PBXProject "pickerView" */;
			compatibilityVersion = "Xcode 3.2";
			developmentRegion = English;
			hasScannedForEncodings = 0;
			knownRegions = (
				en,
				Base,
			);
			mainGroup = 98C9DC9E1B78D53900FBC005;
			productRefGroup = 98C9DCA81B78D53900FBC005 /* Products */;
			projectDirPath = "";
			projectRoot = "";
			targets = (
				98C9DCA61B78D53900FBC005 /* pickerView */,
				98C9DCBF1B78D53900FBC005 /* pickerViewTests */,
			);
		};
/* End PBXProject section */

/* Begin PBXResourcesBuildPhase section */
		98C9DCA51B78D53900FBC005 /* Resources */ = {
			isa = PBXResourcesBuildPhase;
			buildActionMask = 2147483647;
			files = (
				98C9DCB61B78D53900FBC005 /* Main.storyboard in Resources */,
				98C9DCBB1B78D53900FBC005 /* LaunchScreen.xib in Resources */,
				98C9DCB81B78D53900FBC005 /* Images.xcassets in Resources */,
			);
			runOnlyForDeploymentPostprocessing = 0;
		};
		98C9DCBE1B78D53900FBC005 /* Resources */ = {
			isa = PBXResourcesBuildPhase;
			buildActionMask = 2147483647;
			files = (
			);
			runOnlyForDeploymentPostprocessing = 0;
		};
/* End PBXResourcesBuildPhase section */

/* Begin PBXSourcesBuildPhase section */
		98C9DCA31B78D53900FBC005 /* Sources */ = {
			isa = PBXSourcesBuildPhase;
			buildActionMask = 2147483647;
			files = (
				98C9DCB31B78D53900FBC005 /* ViewController.m in Sources */,
				98C9DCB01B78D53900FBC005 /* AppDelegate.m in Sources */,
				98C9DCAD1B78D53900FBC005 /* main.m in Sources */,
			);
			runOnlyForDeploymentPostprocessing = 0;
		};
		98C9DCBC1B78D53900FBC005 /* Sources */ = {
			isa = PBXSourcesBuildPhase;
			buildActionMask = 2147483647;
			files = (
				98C9DCC71B78D53900FBC005 /* pickerViewTests.m in Sources */,
			);
			runOnlyForDeploymentPostprocessing = 0;
		};
/* End PBXSourcesBuildPhase section */

/* Begin PBXTargetDependency section */
		98C9DCC21B78D53900FBC005 /* PBXTargetDependency */ = {
			isa = PBXTargetDependency;
			target = 98C9DCA61B78D53900FBC005 /* pickerView */;
			targetProxy = 98C9DCC11B78D53900FBC005 /* PBXContainerItemProxy */;
		};
/* End PBXTargetDependency section */

/* Begin PBXVariantGroup section */
		98C9DCB41B78D53900FBC005 /* Main.storyboard */ = {
			isa = PBXVariantGroup;
			children = (
				98C9DCB51B78D53900FBC005 /* Base */,
			);
			name = Main.storyboard;
			sourceTree = "<group>";
		};
		98C9DCB91B78D53900FBC005 /* LaunchScreen.xib */ = {
			isa = PBXVariantGroup;
			children = (
				98C9DCBA1B78D53900FBC005 /* Base */,
			);
			name = LaunchScreen.xib;
			sourceTree = "<group>";
		};
/* End PBXVariantGroup section */

/* Begin XCBuildConfiguration section */
		98C9DCC81B78D53900FBC005 /* Debug */ = {
			isa = XCBuildConfiguration;
			buildSettings = {
				ALWAYS_SEARCH_USER_PATHS = NO;
				CLANG_CXX_LANGUAGE_STANDARD = "gnu++0x";
				CLANG_CXX_LIBRARY = "libc++";
				CLANG_ENABLE_MODULES = YES;
				CLANG_ENABLE_OBJC_ARC = YES;
				CLANG_WARN_BOOL_CONVERSION = YES;
				CLANG_WARN_CONSTANT_CONVERSION = YES;
				CLANG_WARN_DIRECT_OBJC_ISA_USAGE = YES_ERROR;
				CLANG_WARN_EMPTY_BODY = YES;
				CLANG_WARN_ENUM_CONVERSION = YES;
				CLANG_WARN_INT_CONVERSION = YES;
				CLANG_WARN_OBJC_ROOT_CLASS = YES_ERROR;
				CLANG_WARN_UNREACHABLE_CODE = YES;
				CLANG_WARN__DUPLICATE_METHOD_MATCH = YES;
				"CODE_SIGN_IDENTITY[sdk=iphoneos*]" = "iPhone Developer";
				COPY_PHASE_STRIP = NO;
				DEBUG_INFORMATION_FORMAT = "dwarf-with-dsym";
				ENABLE_STRICT_OBJC_MSGSEND = YES;
				GCC_C_LANGUAGE_STANDARD = gnu99;
				GCC_DYNAMIC_NO_PIC = NO;
				GCC_NO_COMMON_BLOCKS = YES;
				GCC_OPTIMIZATION_LEVEL = 0;
				GCC_PREPROCESSOR_DEFINITIONS = (
					"DEBUG=1",
					"$(inherited)",
				);
				GCC_SYMBOLS_PRIVATE_EXTERN = NO;
				GCC_WARN_64_TO_32_BIT_CONVERSION = YES;
				GCC_WARN_ABOUT_RETURN_TYPE = YES_ERROR;
				GCC_WARN_UNDECLARED_SELECTOR = YES;
				GCC_WARN_UNINITIALIZED_AUTOS = YES_AGGRESSIVE;
				GCC_WARN_UNUSED_FUNCTION = YES;
				GCC_WARN_UNUSED_VARIABLE = YES;
				IPHONEOS_DEPLOYMENT_TARGET = 8.4;
				MTL_ENABLE_DEBUG_INFO = YES;
				ONLY_ACTIVE_ARCH = YES;
				SDKROOT = iphoneos;
			};
			name = Debug;
		};
		98C9DCC91B78D53900FBC005 /* Release */ = {
			isa = XCBuildConfiguration;
			buildSettings = {
				ALWAYS_SEARCH_USER_PATHS = NO;
				CLANG_CXX_LANGUAGE_STANDARD = "gnu++0x";
				CLANG_CXX_LIBRARY = "libc++";
				CLANG_ENABLE_MODULES = YES;
				CLANG_ENABLE_OBJC_ARC = YES;
				CLANG_WARN_BOOL_CONVERSION = YES;
				CLANG_WARN_CONSTANT_CONVERSION = YES;
				CLANG_WARN_DIRECT_OBJC_ISA_USAGE = YES_ERROR;
				CLANG_WARN_EMPTY_BODY = YES;
				CLANG_WARN_ENUM_CONVERSION = YES;
				CLANG_WARN_INT_CONVERSION = YES;
				CLANG_WARN_OBJC_ROOT_CLASS = YES_ERROR;
				CLANG_WARN_UNREACHABLE_CODE = YES;
				CLANG_WARN__DUPLICATE_METHOD_MATCH = YES;
				"CODE_SIGN_IDENTITY[sdk=iphoneos*]" = "iPhone Developer";
				COPY_PHASE_STRIP = NO;
				DEBUG_INFORMATION_FORMAT = "dwarf-with-dsym";
				ENABLE_NS_ASSERTIONS = NO;
				ENABLE_STRICT_OBJC_MSGSEND = YES;
				GCC_C_LANGUAGE_STANDARD = gnu99;
				GCC_NO_COMMON_BLOCKS = YES;
				GCC_WARN_64_TO_32_BIT_CONVERSION = YES;
				GCC_WARN_ABOUT_RETURN_TYPE = YES_ERROR;
				GCC_WARN_UNDECLARED_SELECTOR = YES;
				GCC_WARN_UNINITIALIZED_AUTOS = YES_AGGRESSIVE;
				GCC_WARN_UNUSED_FUNCTION = YES;
				GCC_WARN_UNUSED_VARIABLE = YES;
				IPHONEOS_DEPLOYMENT_TARGET = 8.4;
				MTL_ENABLE_DEBUG_INFO = NO;
				SDKROOT = iphoneos;
				VALIDATE_PRODUCT = YES;
			};
			name = Release;
		};
		98C9DCCB1B78D53900FBC005 /* Debug */ = {
			isa = XCBuildConfiguration;
			buildSettings = {
				ASSETCATALOG_COMPILER_APPICON_NAME = AppIcon;
				INFOPLIST_FILE = pickerView/Info.plist;
				LD_RUNPATH_SEARCH_PATHS = "$(inherited) @executable_path/Frameworks";
				PRODUCT_NAME = "$(TARGET_NAME)";
			};
			name = Debug;
		};
		98C9DCCC1B78D53900FBC005 /* Release */ = {
			isa = XCBuildConfiguration;
			buildSettings = {
				ASSETCATALOG_COMPILER_APPICON_NAME = AppIcon;
				INFOPLIST_FILE = pickerView/Info.plist;
				LD_RUNPATH_SEARCH_PATHS = "$(inherited) @executable_path/Frameworks";
				PRODUCT_NAME = "$(TARGET_NAME)";
			};
			name = Release;
		};
		98C9DCCE1B78D53900FBC005 /* Debug */ = {
			isa = XCBuildConfiguration;
			buildSettings = {
				BUNDLE_LOADER = "$(TEST_HOST)";
				FRAMEWORK_SEARCH_PATHS = (
					"$(SDKROOT)/Developer/Library/Frameworks",
					"$(inherited)",
				);
				GCC_PREPROCESSOR_DEFINITIONS = (
					"DEBUG=1",
					"$(inherited)",
				);
				INFOPLIST_FILE = pickerViewTests/Info.plist;
				LD_RUNPATH_SEARCH_PATHS = "$(inherited) @executable_path/Frameworks @loader_path/Frameworks";
				PRODUCT_NAME = "$(TARGET_NAME)";
				TEST_HOST = "$(BUILT_PRODUCTS_DIR)/pickerView.app/pickerView";
			};
			name = Debug;
		};
		98C9DCCF1B78D53900FBC005 /* Release */ = {
			isa = XCBuildConfiguration;
			buildSettings = {
				BUNDLE_LOADER = "$(TEST_HOST)";
				FRAMEWORK_SEARCH_PATHS = (
					"$(SDKROOT)/Developer/Library/Frameworks",
					"$(inherited)",
				);
				INFOPLIST_FILE = pickerViewTests/Info.plist;
				LD_RUNPATH_SEARCH_PATHS = "$(inherited) @executable_path/Frameworks @loader_path/Frameworks";
				PRODUCT_NAME = "$(TARGET_NAME)";
				TEST_HOST = "$(BUILT_PRODUCTS_DIR)/pickerView.app/pickerView";
			};
			name = Release;
		};
/* End XCBuildConfiguration section */

/* Begin XCConfigurationList section */
		98C9DCA21B78D53900FBC005 /* Build configuration list for PBXProject "pickerView" */ = {
			isa = XCConfigurationList;
			buildConfigurations = (
				98C9DCC81B78D53900FBC005 /* Debug */,
				98C9DCC91B78D53900FBC005 /* Release */,
			);
			defaultConfigurationIsVisible = 0;
			defaultConfigurationName = Release;
		};
		98C9DCCA1B78D53900FBC005 /* Build configuration list for PBXNativeTarget "pickerView" */ = {
			isa = XCConfigurationList;
			buildConfigurations = (
				98C9DCCB1B78D53900FBC005 /* Debug */,
				98C9DCCC1B78D53900FBC005 /* Release */,
			);
			defaultConfigurationIsVisible = 0;
		};
		98C9DCCD1B78D53900FBC005 /* Build configuration list for PBXNativeTarget "pickerViewTests" */ = {
			isa = XCConfigurationList;
			buildConfigurations = (
				98C9DCCE1B78D53900FBC005 /* Debug */,
				98C9DCCF1B78D53900FBC005 /* Release */,
			);
			defaultConfigurationIsVisible = 0;
		};
/* End XCConfigurationList section */
	};
	rootObject = 98C9DC9F1B78D53900FBC005 /* Project object */;
}
